# This file is @generated by PDM.
# It is not intended for manual editing.

[metadata]
groups = ["default"]
strategy = ["inherit_metadata"]
lock_version = "4.5.0"
content_hash = "sha256:50c7986f8ac7d735f30f90f9de1ad079748cbd740db7532035e7ec2018216fad"

[[metadata.targets]]
requires_python = ">=3.12"

[[package]]
name = "coverage"
version = "7.6.2"
requires_python = ">=3.9"
summary = "Code coverage measurement for Python"
groups = ["default"]
marker = "python_version >= \"3.12\""
files = [
    {file = "coverage-7.6.2-cp312-cp312-macosx_10_13_x86_64.whl", hash = "sha256:ebc94fadbd4a3f4215993326a6a00e47d79889391f5659bf310f55fe5d9f581c"},
    {file = "coverage-7.6.2-cp312-cp312-macosx_11_0_arm64.whl", hash = "sha256:9681516288e3dcf0aa7c26231178cc0be6cac9705cac06709f2353c5b406cfea"},
    {file = "coverage-7.6.2-cp312-cp312-manylinux_2_17_aarch64.manylinux2014_aarch64.whl", hash = "sha256:8d9c5d13927d77af4fbe453953810db766f75401e764727e73a6ee4f82527b3e"},
    {file = "coverage-7.6.2-cp312-cp312-manylinux_2_5_i686.manylinux1_i686.manylinux_2_17_i686.manylinux2014_i686.whl", hash = "sha256:b92f9ca04b3e719d69b02dc4a69debb795af84cb7afd09c5eb5d54b4a1ae2191"},
    {file = "coverage-7.6.2-cp312-cp312-manylinux_2_5_x86_64.manylinux1_x86_64.manylinux_2_17_x86_64.manylinux2014_x86_64.whl", hash = "sha256:0ff2ef83d6d0b527b5c9dad73819b24a2f76fdddcfd6c4e7a4d7e73ecb0656b4"},
    {file = "coverage-7.6.2-cp312-cp312-musllinux_1_2_aarch64.whl", hash = "sha256:47ccb6e99a3031ffbbd6e7cc041e70770b4fe405370c66a54dbf26a500ded80b"},
    {file = "coverage-7.6.2-cp312-cp312-musllinux_1_2_i686.whl", hash = "sha256:a867d26f06bcd047ef716175b2696b315cb7571ccb951006d61ca80bbc356e9e"},
    {file = "coverage-7.6.2-cp312-cp312-musllinux_1_2_x86_64.whl", hash = "sha256:cdfcf2e914e2ba653101157458afd0ad92a16731eeba9a611b5cbb3e7124e74b"},
    {file = "coverage-7.6.2-cp312-cp312-win32.whl", hash = "sha256:f9035695dadfb397bee9eeaf1dc7fbeda483bf7664a7397a629846800ce6e276"},
    {file = "coverage-7.6.2-cp312-cp312-win_amd64.whl", hash = "sha256:5ed69befa9a9fc796fe015a7040c9398722d6b97df73a6b608e9e275fa0932b0"},
    {file = "coverage-7.6.2-cp313-cp313-macosx_10_13_x86_64.whl", hash = "sha256:4eea60c79d36a8f39475b1af887663bc3ae4f31289cd216f514ce18d5938df40"},
    {file = "coverage-7.6.2-cp313-cp313-macosx_11_0_arm64.whl", hash = "sha256:aa68a6cdbe1bc6793a9dbfc38302c11599bbe1837392ae9b1d238b9ef3dafcf1"},
    {file = "coverage-7.6.2-cp313-cp313-manylinux_2_17_aarch64.manylinux2014_aarch64.whl", hash = "sha256:3ec528ae69f0a139690fad6deac8a7d33629fa61ccce693fdd07ddf7e9931fba"},
    {file = "coverage-7.6.2-cp313-cp313-manylinux_2_5_i686.manylinux1_i686.manylinux_2_17_i686.manylinux2014_i686.whl", hash = "sha256:ed5ac02126f74d190fa2cc14a9eb2a5d9837d5863920fa472b02eb1595cdc925"},
    {file = "coverage-7.6.2-cp313-cp313-manylinux_2_5_x86_64.manylinux1_x86_64.manylinux_2_17_x86_64.manylinux2014_x86_64.whl", hash = "sha256:21c0ea0d4db8a36b275cb6fb2437a3715697a4ba3cb7b918d3525cc75f726304"},
    {file = "coverage-7.6.2-cp313-cp313-musllinux_1_2_aarch64.whl", hash = "sha256:35a51598f29b2a19e26d0908bd196f771a9b1c5d9a07bf20be0adf28f1ad4f77"},
    {file = "coverage-7.6.2-cp313-cp313-musllinux_1_2_i686.whl", hash = "sha256:c9192925acc33e146864b8cf037e2ed32a91fdf7644ae875f5d46cd2ef086a5f"},
    {file = "coverage-7.6.2-cp313-cp313-musllinux_1_2_x86_64.whl", hash = "sha256:bf4eeecc9e10f5403ec06138978235af79c9a79af494eb6b1d60a50b49ed2869"},
    {file = "coverage-7.6.2-cp313-cp313-win32.whl", hash = "sha256:e4ee15b267d2dad3e8759ca441ad450c334f3733304c55210c2a44516e8d5530"},
    {file = "coverage-7.6.2-cp313-cp313-win_amd64.whl", hash = "sha256:c71965d1ced48bf97aab79fad56df82c566b4c498ffc09c2094605727c4b7e36"},
    {file = "coverage-7.6.2-cp313-cp313t-macosx_10_13_x86_64.whl", hash = "sha256:7571e8bbecc6ac066256f9de40365ff833553e2e0c0c004f4482facb131820ef"},
    {file = "coverage-7.6.2-cp313-cp313t-macosx_11_0_arm64.whl", hash = "sha256:078a87519057dacb5d77e333f740708ec2a8f768655f1db07f8dfd28d7a005f0"},
    {file = "coverage-7.6.2-cp313-cp313t-manylinux_2_17_aarch64.manylinux2014_aarch64.whl", hash = "sha256:1e5e92e3e84a8718d2de36cd8387459cba9a4508337b8c5f450ce42b87a9e760"},
    {file = "coverage-7.6.2-cp313-cp313t-manylinux_2_5_i686.manylinux1_i686.manylinux_2_17_i686.manylinux2014_i686.whl", hash = "sha256:ebabdf1c76593a09ee18c1a06cd3022919861365219ea3aca0247ededf6facd6"},
    {file = "coverage-7.6.2-cp313-cp313t-manylinux_2_5_x86_64.manylinux1_x86_64.manylinux_2_17_x86_64.manylinux2014_x86_64.whl", hash = "sha256:12179eb0575b8900912711688e45474f04ab3934aaa7b624dea7b3c511ecc90f"},
    {file = "coverage-7.6.2-cp313-cp313t-musllinux_1_2_aarch64.whl", hash = "sha256:39d3b964abfe1519b9d313ab28abf1d02faea26cd14b27f5283849bf59479ff5"},
    {file = "coverage-7.6.2-cp313-cp313t-musllinux_1_2_i686.whl", hash = "sha256:84c4315577f7cd511d6250ffd0f695c825efe729f4205c0340f7004eda51191f"},
    {file = "coverage-7.6.2-cp313-cp313t-musllinux_1_2_x86_64.whl", hash = "sha256:ff797320dcbff57caa6b2301c3913784a010e13b1f6cf4ab3f563f3c5e7919db"},
    {file = "coverage-7.6.2-cp313-cp313t-win32.whl", hash = "sha256:2b636a301e53964550e2f3094484fa5a96e699db318d65398cfba438c5c92171"},
    {file = "coverage-7.6.2-cp313-cp313t-win_amd64.whl", hash = "sha256:d03a060ac1a08e10589c27d509bbdb35b65f2d7f3f8d81cf2fa199877c7bc58a"},
    {file = "coverage-7.6.2.tar.gz", hash = "sha256:a5f81e68aa62bc0cfca04f7b19eaa8f9c826b53fc82ab9e2121976dc74f131f3"},
]

[[package]]
name = "flake8"
version = "7.1.1"
requires_python = ">=3.8.1"
summary = "the modular source code checker: pep8 pyflakes and co"
groups = ["default"]
marker = "python_version >= \"3.12\""
dependencies = [
    "mccabe<0.8.0,>=0.7.0",
    "pycodestyle<2.13.0,>=2.12.0",
    "pyflakes<3.3.0,>=3.2.0",
]
files = [
    {file = "flake8-7.1.1-py2.py3-none-any.whl", hash = "sha256:597477df7860daa5aa0fdd84bf5208a043ab96b8e96ab708770ae0364dd03213"},
    {file = "flake8-7.1.1.tar.gz", hash = "sha256:049d058491e228e03e67b390f311bbf88fce2dbaa8fa673e7aea87b7198b8d38"},
]

[[package]]
name = "mccabe"
version = "0.7.0"
requires_python = ">=3.6"
summary = "McCabe checker, plugin for flake8"
groups = ["default"]
marker = "python_version >= \"3.12\""
files = [
    {file = "mccabe-0.7.0-py2.py3-none-any.whl", hash = "sha256:6c2d30ab6be0e4a46919781807b4f0d834ebdd6c6e3dca0bda5a15f863427b6e"},
    {file = "mccabe-0.7.0.tar.gz", hash = "sha256:348e0240c33b60bbdf4e523192ef919f28cb2c3d7d5c7794f74009290f236325"},
]

[[package]]
name = "precompiled"
version = "0.1.11"
requires_python = ">=3.7"
summary = "leetcode precompiled package"
groups = ["default"]
marker = "python_version >= \"3.12\""
dependencies = [
    "coverage>=7.2.7",
    "flake8>=5.0.4",
]
files = [
    {file = "precompiled-0.1.11-py3-none-any.whl", hash = "sha256:76324807f4d2e4eda37e12ecec511e799c285a99557325f25f96b8ac181c43aa"},
    {file = "precompiled-0.1.11.tar.gz", hash = "sha256:f86fd784aa0348dc24be18cc960982c830d54aa729a2dcc87188e7f05626f112"},
]

[[package]]
name = "pycodestyle"
version = "2.12.1"
requires_python = ">=3.8"
summary = "Python style guide checker"
groups = ["default"]
marker = "python_version >= \"3.12\""
files = [
    {file = "pycodestyle-2.12.1-py2.py3-none-any.whl", hash = "sha256:46f0fb92069a7c28ab7bb558f05bfc0110dac69a0cd23c61ea0040283a9d78b3"},
    {file = "pycodestyle-2.12.1.tar.gz", hash = "sha256:6838eae08bbce4f6accd5d5572075c63626a15ee3e6f842df996bf62f6d73521"},
]

[[package]]
name = "pyflakes"
version = "3.2.0"
requires_python = ">=3.8"
summary = "passive checker of Python programs"
groups = ["default"]
marker = "python_version >= \"3.12\""
files = [
    {file = "pyflakes-3.2.0-py2.py3-none-any.whl", hash = "sha256:84b5be138a2dfbb40689ca07e2152deb896a65c3a3e24c251c5c62489568074a"},
    {file = "pyflakes-3.2.0.tar.gz", hash = "sha256:1c61603ff154621fb2a9172037d84dca3500def8c8b630657d1701f026f8af3f"},
]
